
Microsoft Visual Studio Solution File, Format Version 12.00
Project("{FAE04EC0-301F-11D3-BF4B-00C04F79EFBC}") = "NITNC_D1_Server", "NITNC_D1_Server\NITNC_D1_Server.csproj", "{F814A84D-3E6B-4F81-93B4-601D355D3B59}"
EndProject
Global
	GlobalSection(SolutionConfigurationPlatforms) = preSolution
		Debug|Any CPU = Debug|Any CPU
		Release|Any CPU = Release|Any CPU
	EndGlobalSection
	GlobalSection(ProjectConfigurationPlatforms) = postSolution
		{F814A84D-3E6B-4F81-93B4-601D355D3B59}.Debug|Any CPU.ActiveCfg = Debug|Any CPU
		{F814A84D-3E6B-4F81-93B4-601D355D3B59}.Debug|Any CPU.Build.0 = Debug|Any CPU
		{F814A84D-3E6B-4F81-93B4-601D355D3B59}.Release|Any CPU.ActiveCfg = Release|Any CPU
		{F814A84D-3E6B-4F81-93B4-601D355D3B59}.Release|Any CPU.Build.0 = Release|Any CPU
	EndGlobalSection
EndGlobal
